
Microsoft Visual Studio Solution File, Format Version 11.00
# Visual Studio 2010
Project("{8BC9CEB8-8B4A-11D0-8D11-00A0C91BC942}") = "exe3pmp3", "exe3pmp3\exe3pmp3.vcxproj", "{16A468D2-38AC-4801-AB2E-550DC8DEC34C}"
EndProject
Global
	GlobalSection(SolutionConfigurationPlatforms) = preSolution
		Debug|Win32 = Debug|Win32
		Release|Win32 = Release|Win32
	EndGlobalSection
	GlobalSection(ProjectConfigurationPlatforms) = postSolution
		{16A468D2-38AC-4801-AB2E-550DC8DEC34C}.Debug|Win32.ActiveCfg = Debug|Win32
		{16A468D2-38AC-4801-AB2E-550DC8DEC34C}.Debug|Win32.Build.0 = Debug|Win32
		{16A468D2-38AC-4801-AB2E-550DC8DEC34C}.Release|Win32.ActiveCfg = Release|Win32
		{16A468D2-38AC-4801-AB2E-550DC8DEC34C}.Release|Win32.Build.0 = Release|Win32
	EndGlobalSection
	GlobalSection(SolutionProperties) = preSolution
		HideSolutionNode = FALSE
	EndGlobalSection
EndGlobal
