
Microsoft Visual Studio Solution File, Format Version 11.00
# Visual Studio 2010
Project("{8BC9CEB8-8B4A-11D0-8D11-00A0C91BC942}") = "pmp03", "pmp03\pmp03.vcxproj", "{524C9033-AB89-40C2-8954-AA7D2EF180A6}"
EndProject
Global
	GlobalSection(SolutionConfigurationPlatforms) = preSolution
		Debug|Win32 = Debug|Win32
		Release|Win32 = Release|Win32
	EndGlobalSection
	GlobalSection(ProjectConfigurationPlatforms) = postSolution
		{524C9033-AB89-40C2-8954-AA7D2EF180A6}.Debug|Win32.ActiveCfg = Debug|Win32
		{524C9033-AB89-40C2-8954-AA7D2EF180A6}.Debug|Win32.Build.0 = Debug|Win32
		{524C9033-AB89-40C2-8954-AA7D2EF180A6}.Release|Win32.ActiveCfg = Release|Win32
		{524C9033-AB89-40C2-8954-AA7D2EF180A6}.Release|Win32.Build.0 = Release|Win32
	EndGlobalSection
	GlobalSection(SolutionProperties) = preSolution
		HideSolutionNode = FALSE
	EndGlobalSection
EndGlobal
